<?xml version="1.0" encoding="utf-8"?>
<Project ToolsVersion="4.0" xmlns="http://schemas.microsoft.com/developer/msbuild/2003">
  <ItemGroup>
    <Filter Include="Source Files">
      <UniqueIdentifier>{4FC737F1-C7A5-4376-A066-2A32D752A2FF}</UniqueIdentifier>
      <Extensions>cpp;c;cc;cxx;def;odl;idl;hpj;bat;asm;asmx</Extensions>
    </Filter>
    <Filter Include="Header Files">
      <UniqueIdentifier>{93995380-89BD-4b04-88EB-625FBE52EBFB}</UniqueIdentifier>
      <Extensions>h;hh;hpp;hxx;hm;inl;inc;ipp;xsd</Extensions>
    </Filter>
    <Filter Include="Resource Files">
      <UniqueIdentifier>{67DA6AB6-F800-4c08-8B7A-83BB121AAD01}</UniqueIdentifier>
      <Extensions>rc;ico;cur;bmp;dlg;rc2;rct;bin;rgs;gif;jpg;jpeg;jpe;resx;tiff;tif;png;wav;mfcribbon-ms</Extensions>
    </Filter>
  </ItemGroup>
  <ItemGroup>
    <ClInclude Include="pch.h">
      <Filter>Header Files</Filter>
    </ClInclude>
    <ClInclude Include="CPlayer.h">
      <Filter>Header Files</Filter>
    </ClInclude>
    <ClInclude Include="CGameManager.h">
      <Filter>Header Files</Filter>
    </ClInclude>
    <ClInclude Include="CFileManager.h">
      <Filter>Header Files</Filter>
    </ClInclude>
    <ClInclude Include="CCardMinion.h">
      <Filter>Header Files</Filter>
    </ClInclude>
    <ClInclude Include="ICard.h">
      <Filter>Header Files</Filter>
    </ClInclude>
    <ClInclude Include="CardFactory.h">
      <Filter>Header Files</Filter>
    </ClInclude>
    <ClInclude Include="CCardFireball.h">
      <Filter>Header Files</Filter>
    </ClInclude>
    <ClInclude Include="CCardLightning.h">
      <Filter>Header Files</Filter>
    </ClInclude>
    <ClInclude Include="CCardBless.h">
      <Filter>Header Files</Filter>
    </ClInclude>
    <ClInclude Include="CCardVampire.h">
      <Filter>Header Files</Filter>
    </ClInclude>
    <ClInclude Include="Definitions.h">
      <Filter>Header Files</Filter>
    </ClInclude>
  </ItemGroup>
  <ItemGroup>
    <ClCompile Include="pch.cpp">
      <Filter>Source Files</Filter>
    </ClCompile>
    <ClCompile Include="Card Game.cpp">
      <Filter>Source Files</Filter>
    </ClCompile>
    <ClCompile Include="CPlayer.cpp">
      <Filter>Source Files</Filter>
    </ClCompile>
    <ClCompile Include="CGameManager.cpp">
      <Filter>Source Files</Filter>
    </ClCompile>
    <ClCompile Include="CFileManager.cpp">
      <Filter>Source Files</Filter>
    </ClCompile>
    <ClCompile Include="CCardMinion.cpp">
      <Filter>Source Files</Filter>
    </ClCompile>
    <ClCompile Include="CardFactory.cpp">
      <Filter>Source Files</Filter>
    </ClCompile>
    <ClCompile Include="CCardFireball.cpp">
      <Filter>Source Files</Filter>
    </ClCompile>
    <ClCompile Include="CCardLightning.cpp">
      <Filter>Source Files</Filter>
    </ClCompile>
    <ClCompile Include="CCardBless.cpp">
      <Filter>Source Files</Filter>
    </ClCompile>
    <ClCompile Include="CCardVampire.cpp">
      <Filter>Source Files</Filter>
    </ClCompile>
  </ItemGroup>
</Project>